// !$*UTF8*$!
{
	archiveVersion = 1;
	classes = {
	};
	objectVersion = 50;
	objects = {

/* Begin PBXBuildFile section */
		28264E35BB6A5F32AD0456D5 /* Pods_Firebase_Storage_Firebase_StorageUITests.framework in Frameworks */ = {isa = PBXBuildFile; fileRef = EA0ABD1EC5446BCCDBA19A35 /* Pods_Firebase_Storage_Firebase_StorageUITests.framework */; };
		48ADA41FBAA9FC3292BF7752 /* Pods_Firebase_Storage.framework in Frameworks */ = {isa = PBXBuildFile; fileRef = A0CA255775D4E9250DA754EF /* Pods_Firebase_Storage.framework */; };
		C2C6C69626F2588E00030F88 /* AppDelegate.swift in Sources */ = {isa = PBXBuildFile; fileRef = C2C6C69526F2588E00030F88 /* AppDelegate.swift */; };
		C2C6C69826F2588E00030F88 /* SceneDelegate.swift in Sources */ = {isa = PBXBuildFile; fileRef = C2C6C69726F2588E00030F88 /* SceneDelegate.swift */; };
		C2C6C69A26F2588E00030F88 /* ContentView.swift in Sources */ = {isa = PBXBuildFile; fileRef = C2C6C69926F2588E00030F88 /* ContentView.swift */; };
		C2C6C69C26F2589600030F88 /* Assets.xcassets in Resources */ = {isa = PBXBuildFile; fileRef = C2C6C69B26F2589600030F88 /* Assets.xcassets */; };
		C2C6C69F26F2589600030F88 /* Preview Assets.xcassets in Resources */ = {isa = PBXBuildFile; fileRef = C2C6C69E26F2589600030F88 /* Preview Assets.xcassets */; };
		C2C6C6A226F2589600030F88 /* LaunchScreen.storyboard in Resources */ = {isa = PBXBuildFile; fileRef = C2C6C6A026F2589600030F88 /* LaunchScreen.storyboard */; };
		C2C6C6AD26F2589700030F88 /* Firebase_StorageTests.swift in Sources */ = {isa = PBXBuildFile; fileRef = C2C6C6AC26F2589700030F88 /* Firebase_StorageTests.swift */; };
		C2C6C6B826F2589700030F88 /* Firebase_StorageUITests.swift in Sources */ = {isa = PBXBuildFile; fileRef = C2C6C6B726F2589700030F88 /* Firebase_StorageUITests.swift */; };
		C2C6C6C626F2598E00030F88 /* GoogleService-Info.plist in Resources */ = {isa = PBXBuildFile; fileRef = C2C6C6C526F2598D00030F88 /* GoogleService-Info.plist */; };
		D2470E34F808704C9B69352B /* Pods_Firebase_StorageTests.framework in Frameworks */ = {isa = PBXBuildFile; fileRef = D39B7DFB430308118BD0BAD1 /* Pods_Firebase_StorageTests.framework */; };
/* End PBXBuildFile section */

/* Begin PBXContainerItemProxy section */
		C2C6C6A926F2589700030F88 /* PBXContainerItemProxy */ = {
			isa = PBXContainerItemProxy;
			containerPortal = C2C6C68A26F2588D00030F88 /* Project object */;
			proxyType = 1;
			remoteGlobalIDString = C2C6C69126F2588E00030F88;
			remoteInfo = "Firebase Storage";
		};
		C2C6C6B426F2589700030F88 /* PBXContainerItemProxy */ = {
			isa = PBXContainerItemProxy;
			containerPortal = C2C6C68A26F2588D00030F88 /* Project object */;
			proxyType = 1;
			remoteGlobalIDString = C2C6C69126F2588E00030F88;
			remoteInfo = "Firebase Storage";
		};
/* End PBXContainerItemProxy section */

/* Begin PBXFileReference section */
		05458337409D0C5C1EDD5AB3 /* Pods-Firebase StorageTests.release.xcconfig */ = {isa = PBXFileReference; includeInIndex = 1; lastKnownFileType = text.xcconfig; name = "Pods-Firebase StorageTests.release.xcconfig"; path = "Target Support Files/Pods-Firebase StorageTests/Pods-Firebase StorageTests.release.xcconfig"; sourceTree = "<group>"; };
		2C56A9F22A199DDBCBE23067 /* Pods-Firebase Storage-Firebase StorageUITests.debug.xcconfig */ = {isa = PBXFileReference; includeInIndex = 1; lastKnownFileType = text.xcconfig; name = "Pods-Firebase Storage-Firebase StorageUITests.debug.xcconfig"; path = "Target Support Files/Pods-Firebase Storage-Firebase StorageUITests/Pods-Firebase Storage-Firebase StorageUITests.debug.xcconfig"; sourceTree = "<group>"; };
		302D66B27DAA0A6C6D2D27C6 /* Pods-Firebase Storage-Firebase StorageUITests.release.xcconfig */ = {isa = PBXFileReference; includeInIndex = 1; lastKnownFileType = text.xcconfig; name = "Pods-Firebase Storage-Firebase StorageUITests.release.xcconfig"; path = "Target Support Files/Pods-Firebase Storage-Firebase StorageUITests/Pods-Firebase Storage-Firebase StorageUITests.release.xcconfig"; sourceTree = "<group>"; };
		5BED002210A22CFC1B9476EE /* Pods-Firebase StorageTests.debug.xcconfig */ = {isa = PBXFileReference; includeInIndex = 1; lastKnownFileType = text.xcconfig; name = "Pods-Firebase StorageTests.debug.xcconfig"; path = "Target Support Files/Pods-Firebase StorageTests/Pods-Firebase StorageTests.debug.xcconfig"; sourceTree = "<group>"; };
		9CA8A60D4A4575A4B5B9E396 /* Pods-Firebase Storage.debug.xcconfig */ = {isa = PBXFileReference; includeInIndex = 1; lastKnownFileType = text.xcconfig; name = "Pods-Firebase Storage.debug.xcconfig"; path = "Target Support Files/Pods-Firebase Storage/Pods-Firebase Storage.debug.xcconfig"; sourceTree = "<group>"; };
		A0CA255775D4E9250DA754EF /* Pods_Firebase_Storage.framework */ = {isa = PBXFileReference; explicitFileType = wrapper.framework; includeInIndex = 0; path = Pods_Firebase_Storage.framework; sourceTree = BUILT_PRODUCTS_DIR; };
		C2C6C69226F2588E00030F88 /* Firebase Storage.app */ = {isa = PBXFileReference; explicitFileType = wrapper.application; includeInIndex = 0; path = "Firebase Storage.app"; sourceTree = BUILT_PRODUCTS_DIR; };
		C2C6C69526F2588E00030F88 /* AppDelegate.swift */ = {isa = PBXFileReference; lastKnownFileType = sourcecode.swift; path = AppDelegate.swift; sourceTree = "<group>"; };
		C2C6C69726F2588E00030F88 /* SceneDelegate.swift */ = {isa = PBXFileReference; lastKnownFileType = sourcecode.swift; path = SceneDelegate.swift; sourceTree = "<group>"; };
		C2C6C69926F2588E00030F88 /* ContentView.swift */ = {isa = PBXFileReference; lastKnownFileType = sourcecode.swift; path = ContentView.swift; sourceTree = "<group>"; };
		C2C6C69B26F2589600030F88 /* Assets.xcassets */ = {isa = PBXFileReference; lastKnownFileType = folder.assetcatalog; path = Assets.xcassets; sourceTree = "<group>"; };
		C2C6C69E26F2589600030F88 /* Preview Assets.xcassets */ = {isa = PBXFileReference; lastKnownFileType = folder.assetcatalog; path = "Preview Assets.xcassets"; sourceTree = "<group>"; };
		C2C6C6A126F2589600030F88 /* Base */ = {isa = PBXFileReference; lastKnownFileType = file.storyboard; name = Base; path = Base.lproj/LaunchScreen.storyboard; sourceTree = "<group>"; };
		C2C6C6A326F2589600030F88 /* Info.plist */ = {isa = PBXFileReference; lastKnownFileType = text.plist.xml; path = Info.plist; sourceTree = "<group>"; };
		C2C6C6A826F2589700030F88 /* Firebase StorageTests.xctest */ = {isa = PBXFileReference; explicitFileType = wrapper.cfbundle; includeInIndex = 0; path = "Firebase StorageTests.xctest"; sourceTree = BUILT_PRODUCTS_DIR; };
		C2C6C6AC26F2589700030F88 /* Firebase_StorageTests.swift */ = {isa = PBXFileReference; lastKnownFileType = sourcecode.swift; path = Firebase_StorageTests.swift; sourceTree = "<group>"; };
		C2C6C6AE26F2589700030F88 /* Info.plist */ = {isa = PBXFileReference; lastKnownFileType = text.plist.xml; path = Info.plist; sourceTree = "<group>"; };
		C2C6C6B326F2589700030F88 /* Firebase StorageUITests.xctest */ = {isa = PBXFileReference; explicitFileType = wrapper.cfbundle; includeInIndex = 0; path = "Firebase StorageUITests.xctest"; sourceTree = BUILT_PRODUCTS_DIR; };
		C2C6C6B726F2589700030F88 /* Firebase_StorageUITests.swift */ = {isa = PBXFileReference; lastKnownFileType = sourcecode.swift; path = Firebase_StorageUITests.swift; sourceTree = "<group>"; };
		C2C6C6B926F2589700030F88 /* Info.plist */ = {isa = PBXFileReference; lastKnownFileType = text.plist.xml; path = Info.plist; sourceTree = "<group>"; };
		C2C6C6C526F2598D00030F88 /* GoogleService-Info.plist */ = {isa = PBXFileReference; fileEncoding = 4; lastKnownFileType = text.plist.xml; path = "GoogleService-Info.plist"; sourceTree = "<group>"; };
		D39B7DFB430308118BD0BAD1 /* Pods_Firebase_StorageTests.framework */ = {isa = PBXFileReference; explicitFileType = wrapper.framework; includeInIndex = 0; path = Pods_Firebase_StorageTests.framework; sourceTree = BUILT_PRODUCTS_DIR; };
		EA0ABD1EC5446BCCDBA19A35 /* Pods_Firebase_Storage_Firebase_StorageUITests.framework */ = {isa = PBXFileReference; explicitFileType = wrapper.framework; includeInIndex = 0; path = Pods_Firebase_Storage_Firebase_StorageUITests.framework; sourceTree = BUILT_PRODUCTS_DIR; };
		FBBEED9AFAEB2472D764D1EE /* Pods-Firebase Storage.release.xcconfig */ = {isa = PBXFileReference; includeInIndex = 1; lastKnownFileType = text.xcconfig; name = "Pods-Firebase Storage.release.xcconfig"; path = "Target Support Files/Pods-Firebase Storage/Pods-Firebase Storage.release.xcconfig"; sourceTree = "<group>"; };
/* End PBXFileReference section */

/* Begin PBXFrameworksBuildPhase section */
		C2C6C68F26F2588E00030F88 /* Frameworks */ = {
			isa = PBXFrameworksBuildPhase;
			buildActionMask = 2147483647;
			files = (
				48ADA41FBAA9FC3292BF7752 /* Pods_Firebase_Storage.framework in Frameworks */,
			);
			runOnlyForDeploymentPostprocessing = 0;
		};
		C2C6C6A526F2589700030F88 /* Frameworks */ = {
			isa = PBXFrameworksBuildPhase;
			buildActionMask = 2147483647;
			files = (
				D2470E34F808704C9B69352B /* Pods_Firebase_StorageTests.framework in Frameworks */,
			);
			runOnlyForDeploymentPostprocessing = 0;
		};
		C2C6C6B026F2589700030F88 /* Frameworks */ = {
			isa = PBXFrameworksBuildPhase;
			buildActionMask = 2147483647;
			files = (
				28264E35BB6A5F32AD0456D5 /* Pods_Firebase_Storage_Firebase_StorageUITests.framework in Frameworks */,
			);
			runOnlyForDeploymentPostprocessing = 0;
		};
/* End PBXFrameworksBuildPhase section */

/* Begin PBXGroup section */
		5ABCEF1522E62388CD3B0B19 /* Pods */ = {
			isa = PBXGroup;
			children = (
				9CA8A60D4A4575A4B5B9E396 /* Pods-Firebase Storage.debug.xcconfig */,
				FBBEED9AFAEB2472D764D1EE /* Pods-Firebase Storage.release.xcconfig */,
				2C56A9F22A199DDBCBE23067 /* Pods-Firebase Storage-Firebase StorageUITests.debug.xcconfig */,
				302D66B27DAA0A6C6D2D27C6 /* Pods-Firebase Storage-Firebase StorageUITests.release.xcconfig */,
				5BED002210A22CFC1B9476EE /* Pods-Firebase StorageTests.debug.xcconfig */,
				05458337409D0C5C1EDD5AB3 /* Pods-Firebase StorageTests.release.xcconfig */,
			);
			name = Pods;
			path = Pods;
			sourceTree = "<group>";
		};
		9AD4D18FA52A13B7BC34AE87 /* Frameworks */ = {
			isa = PBXGroup;
			children = (
				A0CA255775D4E9250DA754EF /* Pods_Firebase_Storage.framework */,
				EA0ABD1EC5446BCCDBA19A35 /* Pods_Firebase_Storage_Firebase_StorageUITests.framework */,
				D39B7DFB430308118BD0BAD1 /* Pods_Firebase_StorageTests.framework */,
			);
			name = Frameworks;
			sourceTree = "<group>";
		};
		C2C6C68926F2588D00030F88 = {
			isa = PBXGroup;
			children = (
				C2C6C69426F2588E00030F88 /* Firebase Storage */,
				C2C6C6AB26F2589700030F88 /* Firebase StorageTests */,
				C2C6C6B626F2589700030F88 /* Firebase StorageUITests */,
				C2C6C69326F2588E00030F88 /* Products */,
				5ABCEF1522E62388CD3B0B19 /* Pods */,
				9AD4D18FA52A13B7BC34AE87 /* Frameworks */,
			);
			sourceTree = "<group>";
		};
		C2C6C69326F2588E00030F88 /* Products */ = {
			isa = PBXGroup;
			children = (
				C2C6C69226F2588E00030F88 /* Firebase Storage.app */,
				C2C6C6A826F2589700030F88 /* Firebase StorageTests.xctest */,
				C2C6C6B326F2589700030F88 /* Firebase StorageUITests.xctest */,
			);
			name = Products;
			sourceTree = "<group>";
		};
		C2C6C69426F2588E00030F88 /* Firebase Storage */ = {
			isa = PBXGroup;
			children = (
				C2C6C69526F2588E00030F88 /* AppDelegate.swift */,
				C2C6C6C526F2598D00030F88 /* GoogleService-Info.plist */,
				C2C6C69726F2588E00030F88 /* SceneDelegate.swift */,
				C2C6C69926F2588E00030F88 /* ContentView.swift */,
				C2C6C69B26F2589600030F88 /* Assets.xcassets */,
				C2C6C6A026F2589600030F88 /* LaunchScreen.storyboard */,
				C2C6C6A326F2589600030F88 /* Info.plist */,
				C2C6C69D26F2589600030F88 /* Preview Content */,
			);
			path = "Firebase Storage";
			sourceTree = "<group>";
		};
		C2C6C69D26F2589600030F88 /* Preview Content */ = {
			isa = PBXGroup;
			children = (
				C2C6C69E26F2589600030F88 /* Preview Assets.xcassets */,
			);
			path = "Preview Content";
			sourceTree = "<group>";
		};
		C2C6C6AB26F2589700030F88 /* Firebase StorageTests */ = {
			isa = PBXGroup;
			children = (
				C2C6C6AC26F2589700030F88 /* Firebase_StorageTests.swift */,
				C2C6C6AE26F2589700030F88 /* Info.plist */,
			);
			path = "Firebase StorageTests";
			sourceTree = "<group>";
		};
		C2C6C6B626F2589700030F88 /* Firebase StorageUITests */ = {
			isa = PBXGroup;
			children = (
				C2C6C6B726F2589700030F88 /* Firebase_StorageUITests.swift */,
				C2C6C6B926F2589700030F88 /* Info.plist */,
			);
			path = "Firebase StorageUITests";
			sourceTree = "<group>";
		};
/* End PBXGroup section */

/* Begin PBXNativeTarget section */
		C2C6C69126F2588E00030F88 /* Firebase Storage */ = {
			isa = PBXNativeTarget;
			buildConfigurationList = C2C6C6BC26F2589700030F88 /* Build configuration list for PBXNativeTarget "Firebase Storage" */;
			buildPhases = (
				6B62CBF019B111F302C6A630 /* [CP] Check Pods Manifest.lock */,
				C2C6C68E26F2588E00030F88 /* Sources */,
				C2C6C68F26F2588E00030F88 /* Frameworks */,
				C2C6C69026F2588E00030F88 /* Resources */,
				F27E8E7CCB87477CE7AB251C /* [CP] Embed Pods Frameworks */,
			);
			buildRules = (
			);
			dependencies = (
			);
			name = "Firebase Storage";
			productName = "Firebase Storage";
			productReference = C2C6C69226F2588E00030F88 /* Firebase Storage.app */;
			productType = "com.apple.product-type.application";
		};
		C2C6C6A726F2589700030F88 /* Firebase StorageTests */ = {
			isa = PBXNativeTarget;
			buildConfigurationList = C2C6C6BF26F2589700030F88 /* Build configuration list for PBXNativeTarget "Firebase StorageTests" */;
			buildPhases = (
				DA23054D0A7B61CD8E719AE8 /* [CP] Check Pods Manifest.lock */,
				C2C6C6A426F2589700030F88 /* Sources */,
				C2C6C6A526F2589700030F88 /* Frameworks */,
				C2C6C6A626F2589700030F88 /* Resources */,
			);
			buildRules = (
			);
			dependencies = (
				C2C6C6AA26F2589700030F88 /* PBXTargetDependency */,
			);
			name = "Firebase StorageTests";
			productName = "Firebase StorageTests";
			productReference = C2C6C6A826F2589700030F88 /* Firebase StorageTests.xctest */;
			productType = "com.apple.product-type.bundle.unit-test";
		};
		C2C6C6B226F2589700030F88 /* Firebase StorageUITests */ = {
			isa = PBXNativeTarget;
			buildConfigurationList = C2C6C6C226F2589700030F88 /* Build configuration list for PBXNativeTarget "Firebase StorageUITests" */;
			buildPhases = (
				F015A06EC187D1FA0E1CEE2A /* [CP] Check Pods Manifest.lock */,
				C2C6C6AF26F2589700030F88 /* Sources */,
				C2C6C6B026F2589700030F88 /* Frameworks */,
				C2C6C6B126F2589700030F88 /* Resources */,
				5EE088D787D2B79C9FA21F51 /* [CP] Embed Pods Frameworks */,
			);
			buildRules = (
			);
			dependencies = (
				C2C6C6B526F2589700030F88 /* PBXTargetDependency */,
			);
			name = "Firebase StorageUITests";
			productName = "Firebase StorageUITests";
			productReference = C2C6C6B326F2589700030F88 /* Firebase StorageUITests.xctest */;
			productType = "com.apple.product-type.bundle.ui-testing";
		};
/* End PBXNativeTarget section */

/* Begin PBXProject section */
		C2C6C68A26F2588D00030F88 /* Project object */ = {
			isa = PBXProject;
			attributes = {
				LastSwiftUpdateCheck = 1250;
				LastUpgradeCheck = 1250;
				TargetAttributes = {
					C2C6C69126F2588E00030F88 = {
						CreatedOnToolsVersion = 12.5.1;
					};
					C2C6C6A726F2589700030F88 = {
						CreatedOnToolsVersion = 12.5.1;
						TestTargetID = C2C6C69126F2588E00030F88;
					};
					C2C6C6B226F2589700030F88 = {
						CreatedOnToolsVersion = 12.5.1;
						TestTargetID = C2C6C69126F2588E00030F88;
					};
				};
			};
			buildConfigurationList = C2C6C68D26F2588D00030F88 /* Build configuration list for PBXProject "Firebase Storage" */;
			compatibilityVersion = "Xcode 9.3";
			developmentRegion = en;
			hasScannedForEncodings = 0;
			knownRegions = (
				en,
				Base,
			);
			mainGroup = C2C6C68926F2588D00030F88;
			productRefGroup = C2C6C69326F2588E00030F88 /* Products */;
			projectDirPath = "";
			projectRoot = "";
			targets = (
				C2C6C69126F2588E00030F88 /* Firebase Storage */,
				C2C6C6A726F2589700030F88 /* Firebase StorageTests */,
				C2C6C6B226F2589700030F88 /* Firebase StorageUITests */,
			);
		};
/* End PBXProject section */

/* Begin PBXResourcesBuildPhase section */
		C2C6C69026F2588E00030F88 /* Resources */ = {
			isa = PBXResourcesBuildPhase;
			buildActionMask = 2147483647;
			files = (
				C2C6C6A226F2589600030F88 /* LaunchScreen.storyboard in Resources */,
				C2C6C6C626F2598E00030F88 /* GoogleService-Info.plist in Resources */,
				C2C6C69F26F2589600030F88 /* Preview Assets.xcassets in Resources */,
				C2C6C69C26F2589600030F88 /* Assets.xcassets in Resources */,
			);
			runOnlyForDeploymentPostprocessing = 0;
		};
		C2C6C6A626F2589700030F88 /* Resources */ = {
			isa = PBXResourcesBuildPhase;
			buildActionMask = 2147483647;
			files = (
			);
			runOnlyForDeploymentPostprocessing = 0;
		};
		C2C6C6B126F2589700030F88 /* Resources */ = {
			isa = PBXResourcesBuildPhase;
			buildActionMask = 2147483647;
			files = (
			);
			runOnlyForDeploymentPostprocessing = 0;
		};
/* End PBXResourcesBuildPhase section */

/* Begin PBXShellScriptBuildPhase section */
		5EE088D787D2B79C9FA21F51 /* [CP] Embed Pods Frameworks */ = {
			isa = PBXShellScriptBuildPhase;
			buildActionMask = 2147483647;
			files = (
			);
			inputFileListPaths = (
				"${PODS_ROOT}/Target Support Files/Pods-Firebase Storage-Firebase StorageUITests/Pods-Firebase Storage-Firebase StorageUITests-frameworks-${CONFIGURATION}-input-files.xcfilelist",
			);
			name = "[CP] Embed Pods Frameworks";
			outputFileListPaths = (
				"${PODS_ROOT}/Target Support Files/Pods-Firebase Storage-Firebase StorageUITests/Pods-Firebase Storage-Firebase StorageUITests-frameworks-${CONFIGURATION}-output-files.xcfilelist",
			);
			runOnlyForDeploymentPostprocessing = 0;
			shellPath = /bin/sh;
			shellScript = "\"${PODS_ROOT}/Target Support Files/Pods-Firebase Storage-Firebase StorageUITests/Pods-Firebase Storage-Firebase StorageUITests-frameworks.sh\"\n";
			showEnvVarsInLog = 0;
		};
		6B62CBF019B111F302C6A630 /* [CP] Check Pods Manifest.lock */ = {
			isa = PBXShellScriptBuildPhase;
			buildActionMask = 2147483647;
			files = (
			);
			inputFileListPaths = (
			);
			inputPaths = (
				"${PODS_PODFILE_DIR_PATH}/Podfile.lock",
				"${PODS_ROOT}/Manifest.lock",
			);
			name = "[CP] Check Pods Manifest.lock";
			outputFileListPaths = (
			);
			outputPaths = (
				"$(DERIVED_FILE_DIR)/Pods-Firebase Storage-checkManifestLockResult.txt",
			);
			runOnlyForDeploymentPostprocessing = 0;
			shellPath = /bin/sh;
			shellScript = "diff \"${PODS_PODFILE_DIR_PATH}/Podfile.lock\" \"${PODS_ROOT}/Manifest.lock\" > /dev/null\nif [ $? != 0 ] ; then\n    # print error to STDERR\n    echo \"error: The sandbox is not in sync with the Podfile.lock. Run 'pod install' or update your CocoaPods installation.\" >&2\n    exit 1\nfi\n# This output is used by Xcode 'outputs' to avoid re-running this script phase.\necho \"SUCCESS\" > \"${SCRIPT_OUTPUT_FILE_0}\"\n";
			showEnvVarsInLog = 0;
		};
		DA23054D0A7B61CD8E719AE8 /* [CP] Check Pods Manifest.lock */ = {
			isa = PBXShellScriptBuildPhase;
			buildActionMask = 2147483647;
			files = (
			);
			inputFileListPaths = (
			);
			inputPaths = (
				"${PODS_PODFILE_DIR_PATH}/Podfile.lock",
				"${PODS_ROOT}/Manifest.lock",
			);
			name = "[CP] Check Pods Manifest.lock";
			outputFileListPaths = (
			);
			outputPaths = (
				"$(DERIVED_FILE_DIR)/Pods-Firebase StorageTests-checkManifestLockResult.txt",
			);
			runOnlyForDeploymentPostprocessing = 0;
			shellPath = /bin/sh;
			shellScript = "diff \"${PODS_PODFILE_DIR_PATH}/Podfile.lock\" \"${PODS_ROOT}/Manifest.lock\" > /dev/null\nif [ $? != 0 ] ; then\n    # print error to STDERR\n    echo \"error: The sandbox is not in sync with the Podfile.lock. Run 'pod install' or update your CocoaPods installation.\" >&2\n    exit 1\nfi\n# This output is used by Xcode 'outputs' to avoid re-running this script phase.\necho \"SUCCESS\" > \"${SCRIPT_OUTPUT_FILE_0}\"\n";
			showEnvVarsInLog = 0;
		};
		F015A06EC187D1FA0E1CEE2A /* [CP] Check Pods Manifest.lock */ = {
			isa = PBXShellScriptBuildPhase;
			buildActionMask = 2147483647;
			files = (
			);
			inputFileListPaths = (
			);
			inputPaths = (
				"${PODS_PODFILE_DIR_PATH}/Podfile.lock",
				"${PODS_ROOT}/Manifest.lock",
			);
			name = "[CP] Check Pods Manifest.lock";
			outputFileListPaths = (
			);
			outputPaths = (
				"$(DERIVED_FILE_DIR)/Pods-Firebase Storage-Firebase StorageUITests-checkManifestLockResult.txt",
			);
			runOnlyForDeploymentPostprocessing = 0;
			shellPath = /bin/sh;
			shellScript = "diff \"${PODS_PODFILE_DIR_PATH}/Podfile.lock\" \"${PODS_ROOT}/Manifest.lock\" > /dev/null\nif [ $? != 0 ] ; then\n    # print error to STDERR\n    echo \"error: The sandbox is not in sync with the Podfile.lock. Run 'pod install' or update your CocoaPods installation.\" >&2\n    exit 1\nfi\n# This output is used by Xcode 'outputs' to avoid re-running this script phase.\necho \"SUCCESS\" > \"${SCRIPT_OUTPUT_FILE_0}\"\n";
			showEnvVarsInLog = 0;
		};
		F27E8E7CCB87477CE7AB251C /* [CP] Embed Pods Frameworks */ = {
			isa = PBXShellScriptBuildPhase;
			buildActionMask = 2147483647;
			files = (
			);
			inputFileListPaths = (
				"${PODS_ROOT}/Target Support Files/Pods-Firebase Storage/Pods-Firebase Storage-frameworks-${CONFIGURATION}-input-files.xcfilelist",
			);
			name = "[CP] Embed Pods Frameworks";
			outputFileListPaths = (
				"${PODS_ROOT}/Target Support Files/Pods-Firebase Storage/Pods-Firebase Storage-frameworks-${CONFIGURATION}-output-files.xcfilelist",
			);
			runOnlyForDeploymentPostprocessing = 0;
			shellPath = /bin/sh;
			shellScript = "\"${PODS_ROOT}/Target Support Files/Pods-Firebase Storage/Pods-Firebase Storage-frameworks.sh\"\n";
			showEnvVarsInLog = 0;
		};
/* End PBXShellScriptBuildPhase section */

/* Begin PBXSourcesBuildPhase section */
		C2C6C68E26F2588E00030F88 /* Sources */ = {
			isa = PBXSourcesBuildPhase;
			buildActionMask = 2147483647;
			files = (
				C2C6C69626F2588E00030F88 /* AppDelegate.swift in Sources */,
				C2C6C69826F2588E00030F88 /* SceneDelegate.swift in Sources */,
				C2C6C69A26F2588E00030F88 /* ContentView.swift in Sources */,
			);
			runOnlyForDeploymentPostprocessing = 0;
		};
		C2C6C6A426F2589700030F88 /* Sources */ = {
			isa = PBXSourcesBuildPhase;
			buildActionMask = 2147483647;
			files = (
				C2C6C6AD26F2589700030F88 /* Firebase_StorageTests.swift in Sources */,
			);
			runOnlyForDeploymentPostprocessing = 0;
		};
		C2C6C6AF26F2589700030F88 /* Sources */ = {
			isa = PBXSourcesBuildPhase;
			buildActionMask = 2147483647;
			files = (
				C2C6C6B826F2589700030F88 /* Firebase_StorageUITests.swift in Sources */,
			);
			runOnlyForDeploymentPostprocessing = 0;
		};
/* End PBXSourcesBuildPhase section */

/* Begin PBXTargetDependency section */
		C2C6C6AA26F2589700030F88 /* PBXTargetDependency */ = {
			isa = PBXTargetDependency;
			target = C2C6C69126F2588E00030F88 /* Firebase Storage */;
			targetProxy = C2C6C6A926F2589700030F88 /* PBXContainerItemProxy */;
		};
		C2C6C6B526F2589700030F88 /* PBXTargetDependency */ = {
			isa = PBXTargetDependency;
			target = C2C6C69126F2588E00030F88 /* Firebase Storage */;
			targetProxy = C2C6C6B426F2589700030F88 /* PBXContainerItemProxy */;
		};
/* End PBXTargetDependency section */

/* Begin PBXVariantGroup section */
		C2C6C6A026F2589600030F88 /* LaunchScreen.storyboard */ = {
			isa = PBXVariantGroup;
			children = (
				C2C6C6A126F2589600030F88 /* Base */,
			);
			name = LaunchScreen.storyboard;
			sourceTree = "<group>";
		};
/* End PBXVariantGroup section */

/* Begin XCBuildConfiguration section */
		C2C6C6BA26F2589700030F88 /* Debug */ = {
			isa = XCBuildConfiguration;
			buildSettings = {
				ALWAYS_SEARCH_USER_PATHS = NO;
				CLANG_ANALYZER_NONNULL = YES;
				CLANG_ANALYZER_NUMBER_OBJECT_CONVERSION = YES_AGGRESSIVE;
				CLANG_CXX_LANGUAGE_STANDARD = "gnu++14";
				CLANG_CXX_LIBRARY = "libc++";
				CLANG_ENABLE_MODULES = YES;
				CLANG_ENABLE_OBJC_ARC = YES;
				CLANG_ENABLE_OBJC_WEAK = YES;
				CLANG_WARN_BLOCK_CAPTURE_AUTORELEASING = YES;
				CLANG_WARN_BOOL_CONVERSION = YES;
				CLANG_WARN_COMMA = YES;
				CLANG_WARN_CONSTANT_CONVERSION = YES;
				CLANG_WARN_DEPRECATED_OBJC_IMPLEMENTATIONS = YES;
				CLANG_WARN_DIRECT_OBJC_ISA_USAGE = YES_ERROR;
				CLANG_WARN_DOCUMENTATION_COMMENTS = YES;
				CLANG_WARN_EMPTY_BODY = YES;
				CLANG_WARN_ENUM_CONVERSION = YES;
				CLANG_WARN_INFINITE_RECURSION = YES;
				CLANG_WARN_INT_CONVERSION = YES;
				CLANG_WARN_NON_LITERAL_NULL_CONVERSION = YES;
				CLANG_WARN_OBJC_IMPLICIT_RETAIN_SELF = YES;
				CLANG_WARN_OBJC_LITERAL_CONVERSION = YES;
				CLANG_WARN_OBJC_ROOT_CLASS = YES_ERROR;
				CLANG_WARN_QUOTED_INCLUDE_IN_FRAMEWORK_HEADER = YES;
				CLANG_WARN_RANGE_LOOP_ANALYSIS = YES;
				CLANG_WARN_STRICT_PROTOTYPES = YES;
				CLANG_WARN_SUSPICIOUS_MOVE = YES;
				CLANG_WARN_UNGUARDED_AVAILABILITY = YES_AGGRESSIVE;
				CLANG_WARN_UNREACHABLE_CODE = YES;
				CLANG_WARN__DUPLICATE_METHOD_MATCH = YES;
				COPY_PHASE_STRIP = NO;
				DEBUG_INFORMATION_FORMAT = dwarf;
				ENABLE_STRICT_OBJC_MSGSEND = YES;
				ENABLE_TESTABILITY = YES;
				GCC_C_LANGUAGE_STANDARD = gnu11;
				GCC_DYNAMIC_NO_PIC = NO;
				GCC_NO_COMMON_BLOCKS = YES;
				GCC_OPTIMIZATION_LEVEL = 0;
				GCC_PREPROCESSOR_DEFINITIONS = (
					"DEBUG=1",
					"$(inherited)",
				);
				GCC_WARN_64_TO_32_BIT_CONVERSION = YES;
				GCC_WARN_ABOUT_RETURN_TYPE = YES_ERROR;
				GCC_WARN_UNDECLARED_SELECTOR = YES;
				GCC_WARN_UNINITIALIZED_AUTOS = YES_AGGRESSIVE;
				GCC_WARN_UNUSED_FUNCTION = YES;
				GCC_WARN_UNUSED_VARIABLE = YES;
				IPHONEOS_DEPLOYMENT_TARGET = 14.5;
				MTL_ENABLE_DEBUG_INFO = INCLUDE_SOURCE;
				MTL_FAST_MATH = YES;
				ONLY_ACTIVE_ARCH = YES;
				SDKROOT = iphoneos;
				SWIFT_ACTIVE_COMPILATION_CONDITIONS = DEBUG;
				SWIFT_OPTIMIZATION_LEVEL = "-Onone";
			};
			name = Debug;
		};
		C2C6C6BB26F2589700030F88 /* Release */ = {
			isa = XCBuildConfiguration;
			buildSettings = {
				ALWAYS_SEARCH_USER_PATHS = NO;
				CLANG_ANALYZER_NONNULL = YES;
				CLANG_ANALYZER_NUMBER_OBJECT_CONVERSION = YES_AGGRESSIVE;
				CLANG_CXX_LANGUAGE_STANDARD = "gnu++14";
				CLANG_CXX_LIBRARY = "libc++";
				CLANG_ENABLE_MODULES = YES;
				CLANG_ENABLE_OBJC_ARC = YES;
				CLANG_ENABLE_OBJC_WEAK = YES;
				CLANG_WARN_BLOCK_CAPTURE_AUTORELEASING = YES;
				CLANG_WARN_BOOL_CONVERSION = YES;
				CLANG_WARN_COMMA = YES;
				CLANG_WARN_CONSTANT_CONVERSION = YES;
				CLANG_WARN_DEPRECATED_OBJC_IMPLEMENTATIONS = YES;
				CLANG_WARN_DIRECT_OBJC_ISA_USAGE = YES_ERROR;
				CLANG_WARN_DOCUMENTATION_COMMENTS = YES;
				CLANG_WARN_EMPTY_BODY = YES;
				CLANG_WARN_ENUM_CONVERSION = YES;
				CLANG_WARN_INFINITE_RECURSION = YES;
				CLANG_WARN_INT_CONVERSION = YES;
				CLANG_WARN_NON_LITERAL_NULL_CONVERSION = YES;
				CLANG_WARN_OBJC_IMPLICIT_RETAIN_SELF = YES;
				CLANG_WARN_OBJC_LITERAL_CONVERSION = YES;
				CLANG_WARN_OBJC_ROOT_CLASS = YES_ERROR;
				CLANG_WARN_QUOTED_INCLUDE_IN_FRAMEWORK_HEADER = YES;
				CLANG_WARN_RANGE_LOOP_ANALYSIS = YES;
				CLANG_WARN_STRICT_PROTOTYPES = YES;
				CLANG_WARN_SUSPICIOUS_MOVE = YES;
				CLANG_WARN_UNGUARDED_AVAILABILITY = YES_AGGRESSIVE;
				CLANG_WARN_UNREACHABLE_CODE = YES;
				CLANG_WARN__DUPLICATE_METHOD_MATCH = YES;
				COPY_PHASE_STRIP = NO;
				DEBUG_INFORMATION_FORMAT = "dwarf-with-dsym";
				ENABLE_NS_ASSERTIONS = NO;
				ENABLE_STRICT_OBJC_MSGSEND = YES;
				GCC_C_LANGUAGE_STANDARD = gnu11;
				GCC_NO_COMMON_BLOCKS = YES;
				GCC_WARN_64_TO_32_BIT_CONVERSION = YES;
				GCC_WARN_ABOUT_RETURN_TYPE = YES_ERROR;
				GCC_WARN_UNDECLARED_SELECTOR = YES;
				GCC_WARN_UNINITIALIZED_AUTOS = YES_AGGRESSIVE;
				GCC_WARN_UNUSED_FUNCTION = YES;
				GCC_WARN_UNUSED_VARIABLE = YES;
				IPHONEOS_DEPLOYMENT_TARGET = 14.5;
				MTL_ENABLE_DEBUG_INFO = NO;
				MTL_FAST_MATH = YES;
				SDKROOT = iphoneos;
				SWIFT_COMPILATION_MODE = wholemodule;
				SWIFT_OPTIMIZATION_LEVEL = "-O";
				VALIDATE_PRODUCT = YES;
			};
			name = Release;
		};
		C2C6C6BD26F2589700030F88 /* Debug */ = {
			isa = XCBuildConfiguration;
			baseConfigurationReference = 9CA8A60D4A4575A4B5B9E396 /* Pods-Firebase Storage.debug.xcconfig */;
			buildSettings = {
				ASSETCATALOG_COMPILER_APPICON_NAME = AppIcon;
				ASSETCATALOG_COMPILER_GLOBAL_ACCENT_COLOR_NAME = AccentColor;
				CODE_SIGN_STYLE = Automatic;
				DEVELOPMENT_ASSET_PATHS = "\"Firebase Storage/Preview Content\"";
				ENABLE_PREVIEWS = YES;
				INFOPLIST_FILE = "Firebase Storage/Info.plist";
				LD_RUNPATH_SEARCH_PATHS = (
					"$(inherited)",
					"@executable_path/Frameworks",
				);
				PRODUCT_BUNDLE_IDENTIFIER = "arta.zidele.Firebase-Storage";
				PRODUCT_NAME = "$(TARGET_NAME)";
				SWIFT_VERSION = 5.0;
				TARGETED_DEVICE_FAMILY = "1,2";
			};
			name = Debug;
		};
		C2C6C6BE26F2589700030F88 /* Release */ = {
			isa = XCBuildConfiguration;
			baseConfigurationReference = FBBEED9AFAEB2472D764D1EE /* Pods-Firebase Storage.release.xcconfig */;
			buildSettings = {
				ASSETCATALOG_COMPILER_APPICON_NAME = AppIcon;
				ASSETCATALOG_COMPILER_GLOBAL_ACCENT_COLOR_NAME = AccentColor;
				CODE_SIGN_STYLE = Automatic;
				DEVELOPMENT_ASSET_PATHS = "\"Firebase Storage/Preview Content\"";
				ENABLE_PREVIEWS = YES;
				INFOPLIST_FILE = "Firebase Storage/Info.plist";
				LD_RUNPATH_SEARCH_PATHS = (
					"$(inherited)",
					"@executable_path/Frameworks",
				);
				PRODUCT_BUNDLE_IDENTIFIER = "arta.zidele.Firebase-Storage";
				PRODUCT_NAME = "$(TARGET_NAME)";
				SWIFT_VERSION = 5.0;
				TARGETED_DEVICE_FAMILY = "1,2";
			};
			name = Release;
		};
		C2C6C6C026F2589700030F88 /* Debug */ = {
			isa = XCBuildConfiguration;
			baseConfigurationReference = 5BED002210A22CFC1B9476EE /* Pods-Firebase StorageTests.debug.xcconfig */;
			buildSettings = {
				ALWAYS_EMBED_SWIFT_STANDARD_LIBRARIES = YES;
				BUNDLE_LOADER = "$(TEST_HOST)";
				CODE_SIGN_STYLE = Automatic;
				INFOPLIST_FILE = "Firebase StorageTests/Info.plist";
				IPHONEOS_DEPLOYMENT_TARGET = 14.5;
				LD_RUNPATH_SEARCH_PATHS = (
					"$(inherited)",
					"@executable_path/Frameworks",
					"@loader_path/Frameworks",
				);
				PRODUCT_BUNDLE_IDENTIFIER = "arta.zidele.Firebase-StorageTests";
				PRODUCT_NAME = "$(TARGET_NAME)";
				SWIFT_VERSION = 5.0;
				TARGETED_DEVICE_FAMILY = "1,2";
				TEST_HOST = "$(BUILT_PRODUCTS_DIR)/Firebase Storage.app/Firebase Storage";
			};
			name = Debug;
		};
		C2C6C6C126F2589700030F88 /* Release */ = {
			isa = XCBuildConfiguration;
			baseConfigurationReference = 05458337409D0C5C1EDD5AB3 /* Pods-Firebase StorageTests.release.xcconfig */;
			buildSettings = {
				ALWAYS_EMBED_SWIFT_STANDARD_LIBRARIES = YES;
				BUNDLE_LOADER = "$(TEST_HOST)";
				CODE_SIGN_STYLE = Automatic;
				INFOPLIST_FILE = "Firebase StorageTests/Info.plist";
				IPHONEOS_DEPLOYMENT_TARGET = 14.5;
				LD_RUNPATH_SEARCH_PATHS = (
					"$(inherited)",
					"@executable_path/Frameworks",
					"@loader_path/Frameworks",
				);
				PRODUCT_BUNDLE_IDENTIFIER = "arta.zidele.Firebase-StorageTests";
				PRODUCT_NAME = "$(TARGET_NAME)";
				SWIFT_VERSION = 5.0;
				TARGETED_DEVICE_FAMILY = "1,2";
				TEST_HOST = "$(BUILT_PRODUCTS_DIR)/Firebase Storage.app/Firebase Storage";
			};
			name = Release;
		};
		C2C6C6C326F2589700030F88 /* Debug */ = {
			isa = XCBuildConfiguration;
			baseConfigurationReference = 2C56A9F22A199DDBCBE23067 /* Pods-Firebase Storage-Firebase StorageUITests.debug.xcconfig */;
			buildSettings = {
				ALWAYS_EMBED_SWIFT_STANDARD_LIBRARIES = YES;
				CODE_SIGN_STYLE = Automatic;
				INFOPLIST_FILE = "Firebase StorageUITests/Info.plist";
				LD_RUNPATH_SEARCH_PATHS = (
					"$(inherited)",
					"@executable_path/Frameworks",
					"@loader_path/Frameworks",
				);
				PRODUCT_BUNDLE_IDENTIFIER = "arta.zidele.Firebase-StorageUITests";
				PRODUCT_NAME = "$(TARGET_NAME)";
				SWIFT_VERSION = 5.0;
				TARGETED_DEVICE_FAMILY = "1,2";
				TEST_TARGET_NAME = "Firebase Storage";
			};
			name = Debug;
		};
		C2C6C6C426F2589700030F88 /* Release */ = {
			isa = XCBuildConfiguration;
			baseConfigurationReference = 302D66B27DAA0A6C6D2D27C6 /* Pods-Firebase Storage-Firebase StorageUITests.release.xcconfig */;
			buildSettings = {
				ALWAYS_EMBED_SWIFT_STANDARD_LIBRARIES = YES;
				CODE_SIGN_STYLE = Automatic;
				INFOPLIST_FILE = "Firebase StorageUITests/Info.plist";
				LD_RUNPATH_SEARCH_PATHS = (
					"$(inherited)",
					"@executable_path/Frameworks",
					"@loader_path/Frameworks",
				);
				PRODUCT_BUNDLE_IDENTIFIER = "arta.zidele.Firebase-StorageUITests";
				PRODUCT_NAME = "$(TARGET_NAME)";
				SWIFT_VERSION = 5.0;
				TARGETED_DEVICE_FAMILY = "1,2";
				TEST_TARGET_NAME = "Firebase Storage";
			};
			name = Release;
		};
/* End XCBuildConfiguration section */

/* Begin XCConfigurationList section */
		C2C6C68D26F2588D00030F88 /* Build configuration list for PBXProject "Firebase Storage" */ = {
			isa = XCConfigurationList;
			buildConfigurations = (
				C2C6C6BA26F2589700030F88 /* Debug */,
				C2C6C6BB26F2589700030F88 /* Release */,
			);
			defaultConfigurationIsVisible = 0;
			defaultConfigurationName = Release;
		};
		C2C6C6BC26F2589700030F88 /* Build configuration list for PBXNativeTarget "Firebase Storage" */ = {
			isa = XCConfigurationList;
			buildConfigurations = (
				C2C6C6BD26F2589700030F88 /* Debug */,
				C2C6C6BE26F2589700030F88 /* Release */,
			);
			defaultConfigurationIsVisible = 0;
			defaultConfigurationName = Release;
		};
		C2C6C6BF26F2589700030F88 /* Build configuration list for PBXNativeTarget "Firebase StorageTests" */ = {
			isa = XCConfigurationList;
			buildConfigurations = (
				C2C6C6C026F2589700030F88 /* Debug */,
				C2C6C6C126F2589700030F88 /* Release */,
			);
			defaultConfigurationIsVisible = 0;
			defaultConfigurationName = Release;
		};
		C2C6C6C226F2589700030F88 /* Build configuration list for PBXNativeTarget "Firebase StorageUITests" */ = {
			isa = XCConfigurationList;
			buildConfigurations = (
				C2C6C6C326F2589700030F88 /* Debug */,
				C2C6C6C426F2589700030F88 /* Release */,
			);
			defaultConfigurationIsVisible = 0;
			defaultConfigurationName = Release;
		};
/* End XCConfigurationList section */
	};
	rootObject = C2C6C68A26F2588D00030F88 /* Project object */;
}
